
Microsoft Visual Studio Solution File, Format Version 12.00
# Visual Studio Version 17
VisualStudioVersion = 17.0.31903.59
MinimumVisualStudioVersion = 10.0.40219.1
Project("{FAE04EC0-301F-11D3-BF4B-00C04F79EFBC}") = "ToFStart", "ToFStart\ToFStart.csproj", "{10815014-56F1-46E5-8E53-D09049BC6A3A}"
EndProject
Global
	GlobalSection(SolutionConfigurationPlatforms) = preSolution
		Debug|Any CPU = Debug|Any CPU
		DX11|Any CPU = DX11|Any CPU
		Release|Any CPU = Release|Any CPU
	EndGlobalSection
	GlobalSection(ProjectConfigurationPlatforms) = postSolution
		{10815014-56F1-46E5-8E53-D09049BC6A3A}.Debug|Any CPU.ActiveCfg = Debug|Any CPU
		{10815014-56F1-46E5-8E53-D09049BC6A3A}.Debug|Any CPU.Build.0 = Debug|Any CPU
		{10815014-56F1-46E5-8E53-D09049BC6A3A}.DX11|Any CPU.ActiveCfg = DX11|Any CPU
		{10815014-56F1-46E5-8E53-D09049BC6A3A}.DX11|Any CPU.Build.0 = DX11|Any CPU
		{10815014-56F1-46E5-8E53-D09049BC6A3A}.Release|Any CPU.ActiveCfg = Release|Any CPU
		{10815014-56F1-46E5-8E53-D09049BC6A3A}.Release|Any CPU.Build.0 = Release|Any CPU
	EndGlobalSection
	GlobalSection(SolutionProperties) = preSolution
		HideSolutionNode = FALSE
	EndGlobalSection
	GlobalSection(ExtensibilityGlobals) = postSolution
		SolutionGuid = {5355C4CE-7EB6-4B8D-A458-9ED405ABC89A}
	EndGlobalSection
EndGlobal
